// !$*UTF8*$!
{
	archiveVersion = 1;
	classes = {
	};
	objectVersion = 50;
	objects = {

/* Begin PBXBuildFile section */
		3C57A2E521523D0E00A6095C /* AppDelegate.swift in Sources */ = {isa = PBXBuildFile; fileRef = 3C57A2E421523D0E00A6095C /* AppDelegate.swift */; };
		3C57A2E721523D0E00A6095C /* ViewController.swift in Sources */ = {isa = PBXBuildFile; fileRef = 3C57A2E621523D0E00A6095C /* ViewController.swift */; };
		3C57A2EA21523D0E00A6095C /* Main.storyboard in Resources */ = {isa = PBXBuildFile; fileRef = 3C57A2E821523D0E00A6095C /* Main.storyboard */; };
		3C57A2EC21523D0F00A6095C /* Assets.xcassets in Resources */ = {isa = PBXBuildFile; fileRef = 3C57A2EB21523D0F00A6095C /* Assets.xcassets */; };
		3C57A2EF21523D0F00A6095C /* LaunchScreen.storyboard in Resources */ = {isa = PBXBuildFile; fileRef = 3C57A2ED21523D0F00A6095C /* LaunchScreen.storyboard */; };
		3C57A30021523DA100A6095C /* DCPLocationManager.swift in Sources */ = {isa = PBXBuildFile; fileRef = 3C57A2FF21523DA100A6095C /* DCPLocationManager.swift */; };
		3C57A30321523E7D00A6095C /* LocationViewController.swift in Sources */ = {isa = PBXBuildFile; fileRef = 3C57A30221523E7D00A6095C /* LocationViewController.swift */; };
/* End PBXBuildFile section */

/* Begin PBXFileReference section */
		3C57A2E121523D0E00A6095C /* DCPManagerLib_sample.app */ = {isa = PBXFileReference; explicitFileType = wrapper.application; includeInIndex = 0; path = DCPManagerLib_sample.app; sourceTree = BUILT_PRODUCTS_DIR; };
		3C57A2E421523D0E00A6095C /* AppDelegate.swift */ = {isa = PBXFileReference; lastKnownFileType = sourcecode.swift; path = AppDelegate.swift; sourceTree = "<group>"; };
		3C57A2E621523D0E00A6095C /* ViewController.swift */ = {isa = PBXFileReference; lastKnownFileType = sourcecode.swift; path = ViewController.swift; sourceTree = "<group>"; };
		3C57A2E921523D0E00A6095C /* Base */ = {isa = PBXFileReference; lastKnownFileType = file.storyboard; name = Base; path = Base.lproj/Main.storyboard; sourceTree = "<group>"; };
		3C57A2EB21523D0F00A6095C /* Assets.xcassets */ = {isa = PBXFileReference; lastKnownFileType = folder.assetcatalog; path = Assets.xcassets; sourceTree = "<group>"; };
		3C57A2EE21523D0F00A6095C /* Base */ = {isa = PBXFileReference; lastKnownFileType = file.storyboard; name = Base; path = Base.lproj/LaunchScreen.storyboard; sourceTree = "<group>"; };
		3C57A2F021523D0F00A6095C /* Info.plist */ = {isa = PBXFileReference; lastKnownFileType = text.plist.xml; path = Info.plist; sourceTree = "<group>"; };
		3C57A2FF21523DA100A6095C /* DCPLocationManager.swift */ = {isa = PBXFileReference; lastKnownFileType = sourcecode.swift; path = DCPLocationManager.swift; sourceTree = "<group>"; };
		3C57A30221523E7D00A6095C /* LocationViewController.swift */ = {isa = PBXFileReference; lastKnownFileType = sourcecode.swift; path = LocationViewController.swift; sourceTree = "<group>"; };
/* End PBXFileReference section */

/* Begin PBXFrameworksBuildPhase section */
		3C57A2DE21523D0E00A6095C /* Frameworks */ = {
			isa = PBXFrameworksBuildPhase;
			buildActionMask = 2147483647;
			files = (
			);
			runOnlyForDeploymentPostprocessing = 0;
		};
/* End PBXFrameworksBuildPhase section */

/* Begin PBXGroup section */
		3C57A2D821523D0E00A6095C = {
			isa = PBXGroup;
			children = (
				3C57A2F621523D8500A6095C /* DCPManagerLib */,
				3C57A2E321523D0E00A6095C /* DCPManagerLib_sample */,
				3C57A2E221523D0E00A6095C /* Products */,
			);
			sourceTree = "<group>";
		};
		3C57A2E221523D0E00A6095C /* Products */ = {
			isa = PBXGroup;
			children = (
				3C57A2E121523D0E00A6095C /* DCPManagerLib_sample.app */,
			);
			name = Products;
			sourceTree = "<group>";
		};
		3C57A2E321523D0E00A6095C /* DCPManagerLib_sample */ = {
			isa = PBXGroup;
			children = (
				3C57A30121523E5900A6095C /* ViewController */,
				3C57A2E421523D0E00A6095C /* AppDelegate.swift */,
				3C57A2E821523D0E00A6095C /* Main.storyboard */,
				3C57A2EB21523D0F00A6095C /* Assets.xcassets */,
				3C57A2ED21523D0F00A6095C /* LaunchScreen.storyboard */,
				3C57A2F021523D0F00A6095C /* Info.plist */,
			);
			path = DCPManagerLib_sample;
			sourceTree = "<group>";
		};
		3C57A2F621523D8500A6095C /* DCPManagerLib */ = {
			isa = PBXGroup;
			children = (
				3C57A2FF21523DA100A6095C /* DCPLocationManager.swift */,
			);
			name = DCPManagerLib;
			path = ../../DCPManagerLib;
			sourceTree = "<group>";
		};
		3C57A30121523E5900A6095C /* ViewController */ = {
			isa = PBXGroup;
			children = (
				3C57A2E621523D0E00A6095C /* ViewController.swift */,
				3C57A30221523E7D00A6095C /* LocationViewController.swift */,
			);
			path = ViewController;
			sourceTree = "<group>";
		};
/* End PBXGroup section */

/* Begin PBXNativeTarget section */
		3C57A2E021523D0E00A6095C /* DCPManagerLib_sample */ = {
			isa = PBXNativeTarget;
			buildConfigurationList = 3C57A2F321523D0F00A6095C /* Build configuration list for PBXNativeTarget "DCPManagerLib_sample" */;
			buildPhases = (
				3C57A2DD21523D0E00A6095C /* Sources */,
				3C57A2DE21523D0E00A6095C /* Frameworks */,
				3C57A2DF21523D0E00A6095C /* Resources */,
			);
			buildRules = (
			);
			dependencies = (
			);
			name = DCPManagerLib_sample;
			productName = DCPManagerLib_sample;
			productReference = 3C57A2E121523D0E00A6095C /* DCPManagerLib_sample.app */;
			productType = "com.apple.product-type.application";
		};
/* End PBXNativeTarget section */

/* Begin PBXProject section */
		3C57A2D921523D0E00A6095C /* Project object */ = {
			isa = PBXProject;
			attributes = {
				LastSwiftUpdateCheck = 1000;
				LastUpgradeCheck = 1000;
				ORGANIZATIONNAME = devcspark;
				TargetAttributes = {
					3C57A2E021523D0E00A6095C = {
						CreatedOnToolsVersion = 10.0;
					};
				};
			};
			buildConfigurationList = 3C57A2DC21523D0E00A6095C /* Build configuration list for PBXProject "DCPManagerLib_sample" */;
			compatibilityVersion = "Xcode 9.3";
			developmentRegion = en;
			hasScannedForEncodings = 0;
			knownRegions = (
				en,
				Base,
			);
			mainGroup = 3C57A2D821523D0E00A6095C;
			productRefGroup = 3C57A2E221523D0E00A6095C /* Products */;
			projectDirPath = "";
			projectRoot = "";
			targets = (
				3C57A2E021523D0E00A6095C /* DCPManagerLib_sample */,
			);
		};
/* End PBXProject section */

/* Begin PBXResourcesBuildPhase section */
		3C57A2DF21523D0E00A6095C /* Resources */ = {
			isa = PBXResourcesBuildPhase;
			buildActionMask = 2147483647;
			files = (
				3C57A2EF21523D0F00A6095C /* LaunchScreen.storyboard in Resources */,
				3C57A2EC21523D0F00A6095C /* Assets.xcassets in Resources */,
				3C57A2EA21523D0E00A6095C /* Main.storyboard in Resources */,
			);
			runOnlyForDeploymentPostprocessing = 0;
		};
/* End PBXResourcesBuildPhase section */

/* Begin PBXSourcesBuildPhase section */
		3C57A2DD21523D0E00A6095C /* Sources */ = {
			isa = PBXSourcesBuildPhase;
			buildActionMask = 2147483647;
			files = (
				3C57A2E721523D0E00A6095C /* ViewController.swift in Sources */,
				3C57A30021523DA100A6095C /* DCPLocationManager.swift in Sources */,
				3C57A2E521523D0E00A6095C /* AppDelegate.swift in Sources */,
				3C57A30321523E7D00A6095C /* LocationViewController.swift in Sources */,
			);
			runOnlyForDeploymentPostprocessing = 0;
		};
/* End PBXSourcesBuildPhase section */

/* Begin PBXVariantGroup section */
		3C57A2E821523D0E00A6095C /* Main.storyboard */ = {
			isa = PBXVariantGroup;
			children = (
				3C57A2E921523D0E00A6095C /* Base */,
			);
			name = Main.storyboard;
			sourceTree = "<group>";
		};
		3C57A2ED21523D0F00A6095C /* LaunchScreen.storyboard */ = {
			isa = PBXVariantGroup;
			children = (
				3C57A2EE21523D0F00A6095C /* Base */,
			);
			name = LaunchScreen.storyboard;
			sourceTree = "<group>";
		};
/* End PBXVariantGroup section */

/* Begin XCBuildConfiguration section */
		3C57A2F121523D0F00A6095C /* Debug */ = {
			isa = XCBuildConfiguration;
			buildSettings = {
				ALWAYS_SEARCH_USER_PATHS = NO;
				CLANG_ANALYZER_NONNULL = YES;
				CLANG_ANALYZER_NUMBER_OBJECT_CONVERSION = YES_AGGRESSIVE;
				CLANG_CXX_LANGUAGE_STANDARD = "gnu++14";
				CLANG_CXX_LIBRARY = "libc++";
				CLANG_ENABLE_MODULES = YES;
				CLANG_ENABLE_OBJC_ARC = YES;
				CLANG_ENABLE_OBJC_WEAK = YES;
				CLANG_WARN_BLOCK_CAPTURE_AUTORELEASING = YES;
				CLANG_WARN_BOOL_CONVERSION = YES;
				CLANG_WARN_COMMA = YES;
				CLANG_WARN_CONSTANT_CONVERSION = YES;
				CLANG_WARN_DEPRECATED_OBJC_IMPLEMENTATIONS = YES;
				CLANG_WARN_DIRECT_OBJC_ISA_USAGE = YES_ERROR;
				CLANG_WARN_DOCUMENTATION_COMMENTS = YES;
				CLANG_WARN_EMPTY_BODY = YES;
				CLANG_WARN_ENUM_CONVERSION = YES;
				CLANG_WARN_INFINITE_RECURSION = YES;
				CLANG_WARN_INT_CONVERSION = YES;
				CLANG_WARN_NON_LITERAL_NULL_CONVERSION = YES;
				CLANG_WARN_OBJC_IMPLICIT_RETAIN_SELF = YES;
				CLANG_WARN_OBJC_LITERAL_CONVERSION = YES;
				CLANG_WARN_OBJC_ROOT_CLASS = YES_ERROR;
				CLANG_WARN_RANGE_LOOP_ANALYSIS = YES;
				CLANG_WARN_STRICT_PROTOTYPES = YES;
				CLANG_WARN_SUSPICIOUS_MOVE = YES;
				CLANG_WARN_UNGUARDED_AVAILABILITY = YES_AGGRESSIVE;
				CLANG_WARN_UNREACHABLE_CODE = YES;
				CLANG_WARN__DUPLICATE_METHOD_MATCH = YES;
				CODE_SIGN_IDENTITY = "iPhone Developer";
				COPY_PHASE_STRIP = NO;
				DEBUG_INFORMATION_FORMAT = dwarf;
				ENABLE_STRICT_OBJC_MSGSEND = YES;
				ENABLE_TESTABILITY = YES;
				GCC_C_LANGUAGE_STANDARD = gnu11;
				GCC_DYNAMIC_NO_PIC = NO;
				GCC_NO_COMMON_BLOCKS = YES;
				GCC_OPTIMIZATION_LEVEL = 0;
				GCC_PREPROCESSOR_DEFINITIONS = (
					"DEBUG=1",
					"$(inherited)",
				);
				GCC_WARN_64_TO_32_BIT_CONVERSION = YES;
				GCC_WARN_ABOUT_RETURN_TYPE = YES_ERROR;
				GCC_WARN_UNDECLARED_SELECTOR = YES;
				GCC_WARN_UNINITIALIZED_AUTOS = YES_AGGRESSIVE;
				GCC_WARN_UNUSED_FUNCTION = YES;
				GCC_WARN_UNUSED_VARIABLE = YES;
				IPHONEOS_DEPLOYMENT_TARGET = 10.0;
				MTL_ENABLE_DEBUG_INFO = INCLUDE_SOURCE;
				MTL_FAST_MATH = YES;
				ONLY_ACTIVE_ARCH = YES;
				SDKROOT = iphoneos;
				SWIFT_ACTIVE_COMPILATION_CONDITIONS = DEBUG;
				SWIFT_OPTIMIZATION_LEVEL = "-Onone";
				SWIFT_VERSION = 4.0;
			};
			name = Debug;
		};
		3C57A2F221523D0F00A6095C /* Release */ = {
			isa = XCBuildConfiguration;
			buildSettings = {
				ALWAYS_SEARCH_USER_PATHS = NO;
				CLANG_ANALYZER_NONNULL = YES;
				CLANG_ANALYZER_NUMBER_OBJECT_CONVERSION = YES_AGGRESSIVE;
				CLANG_CXX_LANGUAGE_STANDARD = "gnu++14";
				CLANG_CXX_LIBRARY = "libc++";
				CLANG_ENABLE_MODULES = YES;
				CLANG_ENABLE_OBJC_ARC = YES;
				CLANG_ENABLE_OBJC_WEAK = YES;
				CLANG_WARN_BLOCK_CAPTURE_AUTORELEASING = YES;
				CLANG_WARN_BOOL_CONVERSION = YES;
				CLANG_WARN_COMMA = YES;
				CLANG_WARN_CONSTANT_CONVERSION = YES;
				CLANG_WARN_DEPRECATED_OBJC_IMPLEMENTATIONS = YES;
				CLANG_WARN_DIRECT_OBJC_ISA_USAGE = YES_ERROR;
				CLANG_WARN_DOCUMENTATION_COMMENTS = YES;
				CLANG_WARN_EMPTY_BODY = YES;
				CLANG_WARN_ENUM_CONVERSION = YES;
				CLANG_WARN_INFINITE_RECURSION = YES;
				CLANG_WARN_INT_CONVERSION = YES;
				CLANG_WARN_NON_LITERAL_NULL_CONVERSION = YES;
				CLANG_WARN_OBJC_IMPLICIT_RETAIN_SELF = YES;
				CLANG_WARN_OBJC_LITERAL_CONVERSION = YES;
				CLANG_WARN_OBJC_ROOT_CLASS = YES_ERROR;
				CLANG_WARN_RANGE_LOOP_ANALYSIS = YES;
				CLANG_WARN_STRICT_PROTOTYPES = YES;
				CLANG_WARN_SUSPICIOUS_MOVE = YES;
				CLANG_WARN_UNGUARDED_AVAILABILITY = YES_AGGRESSIVE;
				CLANG_WARN_UNREACHABLE_CODE = YES;
				CLANG_WARN__DUPLICATE_METHOD_MATCH = YES;
				CODE_SIGN_IDENTITY = "iPhone Developer";
				COPY_PHASE_STRIP = NO;
				DEBUG_INFORMATION_FORMAT = "dwarf-with-dsym";
				ENABLE_NS_ASSERTIONS = NO;
				ENABLE_STRICT_OBJC_MSGSEND = YES;
				GCC_C_LANGUAGE_STANDARD = gnu11;
				GCC_NO_COMMON_BLOCKS = YES;
				GCC_WARN_64_TO_32_BIT_CONVERSION = YES;
				GCC_WARN_ABOUT_RETURN_TYPE = YES_ERROR;
				GCC_WARN_UNDECLARED_SELECTOR = YES;
				GCC_WARN_UNINITIALIZED_AUTOS = YES_AGGRESSIVE;
				GCC_WARN_UNUSED_FUNCTION = YES;
				GCC_WARN_UNUSED_VARIABLE = YES;
				IPHONEOS_DEPLOYMENT_TARGET = 10.0;
				MTL_ENABLE_DEBUG_INFO = NO;
				MTL_FAST_MATH = YES;
				SDKROOT = iphoneos;
				SWIFT_COMPILATION_MODE = wholemodule;
				SWIFT_OPTIMIZATION_LEVEL = "-O";
				SWIFT_VERSION = 4.0;
				VALIDATE_PRODUCT = YES;
			};
			name = Release;
		};
		3C57A2F421523D0F00A6095C /* Debug */ = {
			isa = XCBuildConfiguration;
			buildSettings = {
				ASSETCATALOG_COMPILER_APPICON_NAME = AppIcon;
				CODE_SIGN_STYLE = Automatic;
				DEVELOPMENT_TEAM = L66UJBV66B;
				INFOPLIST_FILE = DCPManagerLib_sample/Info.plist;
				LD_RUNPATH_SEARCH_PATHS = (
					"$(inherited)",
					"@executable_path/Frameworks",
				);
				PRODUCT_BUNDLE_IDENTIFIER = "com.devcspark.sample.DCPManagerLib.DCPManagerLib-sample";
				PRODUCT_NAME = "$(TARGET_NAME)";
				SWIFT_VERSION = 4.2;
				TARGETED_DEVICE_FAMILY = "1,2";
			};
			name = Debug;
		};
		3C57A2F521523D0F00A6095C /* Release */ = {
			isa = XCBuildConfiguration;
			buildSettings = {
				ASSETCATALOG_COMPILER_APPICON_NAME = AppIcon;
				CODE_SIGN_STYLE = Automatic;
				DEVELOPMENT_TEAM = L66UJBV66B;
				INFOPLIST_FILE = DCPManagerLib_sample/Info.plist;
				LD_RUNPATH_SEARCH_PATHS = (
					"$(inherited)",
					"@executable_path/Frameworks",
				);
				PRODUCT_BUNDLE_IDENTIFIER = "com.devcspark.sample.DCPManagerLib.DCPManagerLib-sample";
				PRODUCT_NAME = "$(TARGET_NAME)";
				SWIFT_VERSION = 4.2;
				TARGETED_DEVICE_FAMILY = "1,2";
			};
			name = Release;
		};
/* End XCBuildConfiguration section */

/* Begin XCConfigurationList section */
		3C57A2DC21523D0E00A6095C /* Build configuration list for PBXProject "DCPManagerLib_sample" */ = {
			isa = XCConfigurationList;
			buildConfigurations = (
				3C57A2F121523D0F00A6095C /* Debug */,
				3C57A2F221523D0F00A6095C /* Release */,
			);
			defaultConfigurationIsVisible = 0;
			defaultConfigurationName = Release;
		};
		3C57A2F321523D0F00A6095C /* Build configuration list for PBXNativeTarget "DCPManagerLib_sample" */ = {
			isa = XCConfigurationList;
			buildConfigurations = (
				3C57A2F421523D0F00A6095C /* Debug */,
				3C57A2F521523D0F00A6095C /* Release */,
			);
			defaultConfigurationIsVisible = 0;
			defaultConfigurationName = Release;
		};
/* End XCConfigurationList section */
	};
	rootObject = 3C57A2D921523D0E00A6095C /* Project object */;
}
